
Microsoft Visual Studio Solution File, Format Version 12.00
# Visual Studio Version 16
VisualStudioVersion = 16.0.28922.388
MinimumVisualStudioVersion = 10.0.40219.1
Project("{FAE04EC0-301F-11D3-BF4B-00C04F79EFBC}") = "SimpleMath", "SimpleMath\SimpleMath.csproj", "{E4EBA047-4829-4C78-A45F-47BC86520917}"
EndProject
Global
	GlobalSection(SolutionConfigurationPlatforms) = preSolution
		Debug|Any CPU = Debug|Any CPU
		Release|Any CPU = Release|Any CPU
	EndGlobalSection
	GlobalSection(ProjectConfigurationPlatforms) = postSolution
		{E4EBA047-4829-4C78-A45F-47BC86520917}.Debug|Any CPU.ActiveCfg = Debug|Any CPU
		{E4EBA047-4829-4C78-A45F-47BC86520917}.Debug|Any CPU.Build.0 = Debug|Any CPU
		{E4EBA047-4829-4C78-A45F-47BC86520917}.Release|Any CPU.ActiveCfg = Release|Any CPU
		{E4EBA047-4829-4C78-A45F-47BC86520917}.Release|Any CPU.Build.0 = Release|Any CPU
	EndGlobalSection
	GlobalSection(SolutionProperties) = preSolution
		HideSolutionNode = FALSE
	EndGlobalSection
	GlobalSection(ExtensibilityGlobals) = postSolution
		SolutionGuid = {CEFDB075-CB5B-4FDF-A9DB-9596F7D62C64}
	EndGlobalSection
EndGlobal
